
Microsoft Visual Studio Solution File, Format Version 12.00
# Visual Studio Version 16
VisualStudioVersion = 16.0.30523.141
MinimumVisualStudioVersion = 10.0.40219.1
Project("{FAE04EC0-301F-11D3-BF4B-00C04F79EFBC}") = "linetest", "linetest\linetest.csproj", "{DA37EC78-2F67-44B3-8446-FCD0000441DB}"
EndProject
Global
	GlobalSection(SolutionConfigurationPlatforms) = preSolution
		Debug|Any CPU = Debug|Any CPU
		Release|Any CPU = Release|Any CPU
	EndGlobalSection
	GlobalSection(ProjectConfigurationPlatforms) = postSolution
		{DA37EC78-2F67-44B3-8446-FCD0000441DB}.Debug|Any CPU.ActiveCfg = Debug|Any CPU
		{DA37EC78-2F67-44B3-8446-FCD0000441DB}.Debug|Any CPU.Build.0 = Debug|Any CPU
		{DA37EC78-2F67-44B3-8446-FCD0000441DB}.Release|Any CPU.ActiveCfg = Release|Any CPU
		{DA37EC78-2F67-44B3-8446-FCD0000441DB}.Release|Any CPU.Build.0 = Release|Any CPU
	EndGlobalSection
	GlobalSection(SolutionProperties) = preSolution
		HideSolutionNode = FALSE
	EndGlobalSection
	GlobalSection(ExtensibilityGlobals) = postSolution
		SolutionGuid = {ACEB0ACB-9556-42C7-A43E-0A070F3C78CE}
	EndGlobalSection
EndGlobal
